{
  "nodes": {
    "nixpkgs": {
      "locked": {
        "lastModified": 1791483530,
        "narHash": "sha256-4Zy1etE7u/93F0HTEl7CFA/PiXKc/BSRJc2haHyweak=",
        "owner": "NixOS",
        "repo": "nixpkgs",
        "rev": "d5fd0f03be54a924255afd46bd2451501d8b1d9b",
        "type": "github"
      },
      "original": {
        "owner": "NixOS",
        "repo": "nixpkgs",
        "type": "github"
      }
    },
    "root": {
      "inputs": {
        "nixpkgs": "nixpkgs"
      }
    }
  },
  "root": "root",
  "version": 7
}
