{
  "nodes": {
    "nixpkgs": {
      "locked": {
        "lastModified": 1777291199,
        "narHash": "sha256-biWEtjdnpIHXTUmIX3WOnL+jF/VWXdOY5pNHCF8dgbc=",
        "owner": "NixOS",
        "repo": "nixpkgs",
        "rev": "c138071dd91fea4fd7235a8e2f27ae99b3fb8e4a",
        "type": "github"
      },
      "original": {
        "owner": "NixOS",
        "repo": "nixpkgs",
        "type": "github"
      }
    },
    "root": {
      "inputs": {
        "nixpkgs": "nixpkgs"
      }
    }
  },
  "root": "root",
  "version": 7
}
